# This file is generated by running "yarn install" inside your project.
# Manual changes might be lost - proceed with caution!

__metadata:
  version: 6
  cacheKey: 8

"@serlo/serlo.org-legal@workspace:.":
  version: 0.0.0-use.local
  resolution: "@serlo/serlo.org-legal@workspace:."
  dependencies:
    prettier: ^3.8.1
    prettier-plugin-packagejson: ^3.0.0
  languageName: unknown
  linkType: soft

"detect-indent@npm:^7.0.2":
  version: 7.0.2
  resolution: "detect-indent@npm:7.0.2"
  checksum: ef215d1b55a14f677ce03e840973b25362b6f8cd3f566bc82831fa1abb2be6a95423729bc573dc2334b1371ad7be18d9ec67e1a9611b71a04cb6d63f0d8e54cc
  languageName: node
  linkType: hard

"detect-newline@npm:^4.0.1":
  version: 4.0.1
  resolution: "detect-newline@npm:4.0.1"
  checksum: 0409ecdfb93419591ccff24fccfe2ddddad29b66637d1ed898872125b25af05014fdeedc9306339577060f69f59fe6e9830cdd80948597f136dfbffefa60599c
  languageName: node
  linkType: hard

"fdir@npm:^6.5.0":
  version: 6.5.0
  resolution: "fdir@npm:6.5.0"
  peerDependencies:
    picomatch: ^3 || ^4
  peerDependenciesMeta:
    picomatch:
      optional: true
  checksum: bd537daa9d3cd53887eed35efa0eab2dbb1ca408790e10e024120e7a36c6e9ae2b33710cb8381e35def01bc9c1d7eaba746f886338413e68ff6ebaee07b9a6e8
  languageName: node
  linkType: hard

"git-hooks-list@npm:^4.1.1":
  version: 4.2.1
  resolution: "git-hooks-list@npm:4.2.1"
  checksum: 39449520045539c03b1d45d3a010424849152d6f723b638c6f19cb8c8b0993bb30ed5ef09653f4d1c1356f5fb51a396059096d8bdfcb6ca7ccb54f6e26efc338
  languageName: node
  linkType: hard

"is-plain-obj@npm:^4.1.0":
  version: 4.1.0
  resolution: "is-plain-obj@npm:4.1.0"
  checksum: 6dc45da70d04a81f35c9310971e78a6a3c7a63547ef782e3a07ee3674695081b6ca4e977fbb8efc48dae3375e0b34558d2bcd722aec9bddfa2d7db5b041be8ce
  languageName: node
  linkType: hard

"picomatch@npm:^4.0.3":
  version: 4.0.3
  resolution: "picomatch@npm:4.0.3"
  checksum: 6817fb74eb745a71445debe1029768de55fd59a42b75606f478ee1d0dc1aa6e78b711d041a7c9d5550e042642029b7f373dc1a43b224c4b7f12d23436735dba0
  languageName: node
  linkType: hard

"prettier-plugin-packagejson@npm:^3.0.0":
  version: 3.0.0
  resolution: "prettier-plugin-packagejson@npm:3.0.0"
  dependencies:
    sort-package-json: 3.6.0
  peerDependencies:
    prettier: ^3
  peerDependenciesMeta:
    prettier:
      optional: true
  checksum: 9d620b8e2abdf43c380976b3231f15e263840e1253886620f7ff3ef0c313a4445e4efb5a9a57721b7fc521d6fe985888585069b5f032700c7651f4bc788c4c99
  languageName: node
  linkType: hard

"prettier@npm:^3.8.1":
  version: 3.8.1
  resolution: "prettier@npm:3.8.1"
  bin:
    prettier: bin/prettier.cjs
  checksum: 36fe4ecd95751aa17fea70b48afd5086e88002988238112fc1be30a5307af6983e1833be790b0cc1c54702b71f73b12bfec12c05166d7619e3151ab221654297
  languageName: node
  linkType: hard

"semver@npm:^7.7.3":
  version: 7.7.4
  resolution: "semver@npm:7.7.4"
  bin:
    semver: bin/semver.js
  checksum: 9b4a6a58e98b9723fafcafa393c9d4e8edefaa60b8dfbe39e30892a3604cf1f45f52df9cfb1ae1a22b44c8b3d57fec8a9bb7b3e1645431587cb272399ede152e
  languageName: node
  linkType: hard

"sort-object-keys@npm:^2.0.1":
  version: 2.1.0
  resolution: "sort-object-keys@npm:2.1.0"
  checksum: a0a18a6f4ab601adb889204a83e2664a4810042dd9680e588cabb47fffd40473939ce3fda5a28fdb58bac0762a7b45ad442815465b978d4b243bab840df3d7cd
  languageName: node
  linkType: hard

"sort-package-json@npm:3.6.0":
  version: 3.6.0
  resolution: "sort-package-json@npm:3.6.0"
  dependencies:
    detect-indent: ^7.0.2
    detect-newline: ^4.0.1
    git-hooks-list: ^4.1.1
    is-plain-obj: ^4.1.0
    semver: ^7.7.3
    sort-object-keys: ^2.0.1
    tinyglobby: ^0.2.15
  bin:
    sort-package-json: cli.js
  checksum: 8aac56f4777061559d8497e1d91c8e89e914052bdac0ce66f0c7f39589578429d6d414d3211084cd5298e7914d925215e60fae124da7393f6dcdadde140423a9
  languageName: node
  linkType: hard

"tinyglobby@npm:^0.2.15":
  version: 0.2.15
  resolution: "tinyglobby@npm:0.2.15"
  dependencies:
    fdir: ^6.5.0
    picomatch: ^4.0.3
  checksum: 0e33b8babff966c6ab86e9b825a350a6a98a63700fa0bb7ae6cf36a7770a508892383adc272f7f9d17aaf46a9d622b455e775b9949a3f951eaaf5dfb26331d44
  languageName: node
  linkType: hard
