# This file is generated by running "yarn install" inside your project.
# Manual changes might be lost - proceed with caution!

__metadata:
  version: 6
  cacheKey: 8

"@nodelib/fs.scandir@npm:2.1.3":
  version: 2.1.3
  resolution: "@nodelib/fs.scandir@npm:2.1.3"
  dependencies:
    "@nodelib/fs.stat": 2.0.3
    run-parallel: ^1.1.9
  checksum: 0054efbba1385629886fe017d99f7045cb8300d6de1923f7a37e05e480c853abbedaff90f6a6b88fd0d406e1cd1e97fb60bd4e059b44468b174f46bef2e21dd1
  languageName: node
  linkType: hard

"@nodelib/fs.stat@npm:2.0.3, @nodelib/fs.stat@npm:^2.0.2":
  version: 2.0.3
  resolution: "@nodelib/fs.stat@npm:2.0.3"
  checksum: d3612efceea83fb0bec4e64967888ff0c3e5fbbae96121bc526bbbe5529f32fc6f8a785b550f397d20f09c84dc1e5a6c8e9fd7f9b8b62387a8f80f680be8430e
  languageName: node
  linkType: hard

"@nodelib/fs.walk@npm:^1.2.3":
  version: 1.2.4
  resolution: "@nodelib/fs.walk@npm:1.2.4"
  dependencies:
    "@nodelib/fs.scandir": 2.1.3
    fastq: ^1.6.0
  checksum: a971d1dcc1cf593e25651738e915be201053b63775c39c1ee221d2adee6316503ad6043136ceda0e099724875f2d72ea04b3b57c0e3a20b7f280bd3e951ae2e4
  languageName: node
  linkType: hard

"@pkgr/utils@npm:^2.3.1":
  version: 2.3.1
  resolution: "@pkgr/utils@npm:2.3.1"
  dependencies:
    cross-spawn: ^7.0.3
    is-glob: ^4.0.3
    open: ^8.4.0
    picocolors: ^1.0.0
    tiny-glob: ^0.2.9
    tslib: ^2.4.0
  checksum: 118a1971120253740121a1db0a6658c21195b7da962acf9c124b507a3df707cfc97b0b84a16edcbd4352853b182e8337da9fc6e8e3d06c60d75ae4fb42321c75
  languageName: node
  linkType: hard

"@serlo/serlo.org-legal@workspace:.":
  version: 0.0.0-use.local
  resolution: "@serlo/serlo.org-legal@workspace:."
  dependencies:
    prettier: ^2.8.4
    prettier-plugin-packagejson: ^2.4.3
  languageName: unknown
  linkType: soft

"braces@npm:^3.0.2":
  version: 3.0.2
  resolution: "braces@npm:3.0.2"
  dependencies:
    fill-range: ^7.0.1
  checksum: e2a8e769a863f3d4ee887b5fe21f63193a891c68b612ddb4b68d82d1b5f3ff9073af066c343e9867a393fe4c2555dcb33e89b937195feb9c1613d259edfcd459
  languageName: node
  linkType: hard

"cross-spawn@npm:^7.0.3":
  version: 7.0.3
  resolution: "cross-spawn@npm:7.0.3"
  dependencies:
    path-key: ^3.1.0
    shebang-command: ^2.0.0
    which: ^2.0.1
  checksum: 671cc7c7288c3a8406f3c69a3ae2fc85555c04169e9d611def9a675635472614f1c0ed0ef80955d5b6d4e724f6ced67f0ad1bb006c2ea643488fcfef994d7f52
  languageName: node
  linkType: hard

"define-lazy-prop@npm:^2.0.0":
  version: 2.0.0
  resolution: "define-lazy-prop@npm:2.0.0"
  checksum: 0115fdb065e0490918ba271d7339c42453d209d4cb619dfe635870d906731eff3e1ade8028bb461ea27ce8264ec5e22c6980612d332895977e89c1bbc80fcee2
  languageName: node
  linkType: hard

"detect-indent@npm:^7.0.1":
  version: 7.0.1
  resolution: "detect-indent@npm:7.0.1"
  checksum: cbf3f0b1c3c881934ca94428e1179b26ab2a587e0d719031d37a67fb506d49d067de54ff057cb1e772e75975fed5155c01cd4518306fee60988b1486e3fc7768
  languageName: node
  linkType: hard

"detect-newline@npm:^4.0.0":
  version: 4.0.0
  resolution: "detect-newline@npm:4.0.0"
  checksum: 52767347c70f485b2d1db6493dde57b8c3c1f249e24bad7eb7424cc1129200aa7e671902ede18bc94a8b69e10dec91456aab4c7e2478559d9eedb31ef3847f36
  languageName: node
  linkType: hard

"dir-glob@npm:^3.0.1":
  version: 3.0.1
  resolution: "dir-glob@npm:3.0.1"
  dependencies:
    path-type: ^4.0.0
  checksum: fa05e18324510d7283f55862f3161c6759a3f2f8dbce491a2fc14c8324c498286c54282c1f0e933cb930da8419b30679389499b919122952a4f8592362ef4615
  languageName: node
  linkType: hard

"fast-glob@npm:^3.2.11":
  version: 3.2.12
  resolution: "fast-glob@npm:3.2.12"
  dependencies:
    "@nodelib/fs.stat": ^2.0.2
    "@nodelib/fs.walk": ^1.2.3
    glob-parent: ^5.1.2
    merge2: ^1.3.0
    micromatch: ^4.0.4
  checksum: 0b1990f6ce831c7e28c4d505edcdaad8e27e88ab9fa65eedadb730438cfc7cde4910d6c975d6b7b8dc8a73da4773702ebcfcd6e3518e73938bb1383badfe01c2
  languageName: node
  linkType: hard

"fastq@npm:^1.6.0":
  version: 1.9.0
  resolution: "fastq@npm:1.9.0"
  dependencies:
    reusify: ^1.0.4
  checksum: 25fe18fd57459eb02117317646f477e64d3a53b53545b0d834f5c1de51df5db5df7dc4d7c56003a3f59fab233b61e406842cbd68e9c68f4ade9890e8e2f21961
  languageName: node
  linkType: hard

"fill-range@npm:^7.0.1":
  version: 7.0.1
  resolution: "fill-range@npm:7.0.1"
  dependencies:
    to-regex-range: ^5.0.1
  checksum: cc283f4e65b504259e64fd969bcf4def4eb08d85565e906b7d36516e87819db52029a76b6363d0f02d0d532f0033c9603b9e2d943d56ee3b0d4f7ad3328ff917
  languageName: node
  linkType: hard

"git-hooks-list@npm:^3.0.0":
  version: 3.0.0
  resolution: "git-hooks-list@npm:3.0.0"
  checksum: 32b3b8fed611b81e5ed069279608a6fcb6122901dcc56cb53f666977d006c6e7ab82febfd8c38ce56e6d47d17d5d822847bf857f3bd33980b8a036e55efcad7f
  languageName: node
  linkType: hard

"glob-parent@npm:^5.1.2":
  version: 5.1.2
  resolution: "glob-parent@npm:5.1.2"
  dependencies:
    is-glob: ^4.0.1
  checksum: f4f2bfe2425296e8a47e36864e4f42be38a996db40420fe434565e4480e3322f18eb37589617a98640c5dc8fdec1a387007ee18dbb1f3f5553409c34d17f425e
  languageName: node
  linkType: hard

"globalyzer@npm:0.1.0":
  version: 0.1.0
  resolution: "globalyzer@npm:0.1.0"
  checksum: 419a0f95ba542534fac0842964d31b3dc2936a479b2b1a8a62bad7e8b61054faa9b0a06ad9f2e12593396b9b2621cac93358d9b3071d33723fb1778608d358a1
  languageName: node
  linkType: hard

"globby@npm:^13.1.2":
  version: 13.1.3
  resolution: "globby@npm:13.1.3"
  dependencies:
    dir-glob: ^3.0.1
    fast-glob: ^3.2.11
    ignore: ^5.2.0
    merge2: ^1.4.1
    slash: ^4.0.0
  checksum: 93f06e02002cdf368f7e3d55bd59e7b00784c7cc8fe92c7ee5082cc7171ff6109fda45e1c97a80bb48bc811dedaf7843c7c9186f5f84bde4883ab630e13c43df
  languageName: node
  linkType: hard

"globrex@npm:^0.1.2":
  version: 0.1.2
  resolution: "globrex@npm:0.1.2"
  checksum: adca162494a176ce9ecf4dd232f7b802956bb1966b37f60c15e49d2e7d961b66c60826366dc2649093cad5a0d69970cfa8875bd1695b5a1a2f33dcd2aa88da3c
  languageName: node
  linkType: hard

"ignore@npm:^5.2.0":
  version: 5.2.4
  resolution: "ignore@npm:5.2.4"
  checksum: 3d4c309c6006e2621659311783eaea7ebcd41fe4ca1d78c91c473157ad6666a57a2df790fe0d07a12300d9aac2888204d7be8d59f9aaf665b1c7fcdb432517ef
  languageName: node
  linkType: hard

"is-docker@npm:^2.0.0, is-docker@npm:^2.1.1":
  version: 2.2.1
  resolution: "is-docker@npm:2.2.1"
  bin:
    is-docker: cli.js
  checksum: 3fef7ddbf0be25958e8991ad941901bf5922ab2753c46980b60b05c1bf9c9c2402d35e6dc32e4380b980ef5e1970a5d9d5e5aa2e02d77727c3b6b5e918474c56
  languageName: node
  linkType: hard

"is-extglob@npm:^2.1.1":
  version: 2.1.1
  resolution: "is-extglob@npm:2.1.1"
  checksum: df033653d06d0eb567461e58a7a8c9f940bd8c22274b94bf7671ab36df5719791aae15eef6d83bbb5e23283967f2f984b8914559d4449efda578c775c4be6f85
  languageName: node
  linkType: hard

"is-glob@npm:^4.0.1, is-glob@npm:^4.0.3":
  version: 4.0.3
  resolution: "is-glob@npm:4.0.3"
  dependencies:
    is-extglob: ^2.1.1
  checksum: d381c1319fcb69d341cc6e6c7cd588e17cd94722d9a32dbd60660b993c4fb7d0f19438674e68dfec686d09b7c73139c9166b47597f846af387450224a8101ab4
  languageName: node
  linkType: hard

"is-number@npm:^7.0.0":
  version: 7.0.0
  resolution: "is-number@npm:7.0.0"
  checksum: 456ac6f8e0f3111ed34668a624e45315201dff921e5ac181f8ec24923b99e9f32ca1a194912dc79d539c97d33dba17dc635202ff0b2cf98326f608323276d27a
  languageName: node
  linkType: hard

"is-plain-obj@npm:^4.1.0":
  version: 4.1.0
  resolution: "is-plain-obj@npm:4.1.0"
  checksum: 6dc45da70d04a81f35c9310971e78a6a3c7a63547ef782e3a07ee3674695081b6ca4e977fbb8efc48dae3375e0b34558d2bcd722aec9bddfa2d7db5b041be8ce
  languageName: node
  linkType: hard

"is-wsl@npm:^2.2.0":
  version: 2.2.0
  resolution: "is-wsl@npm:2.2.0"
  dependencies:
    is-docker: ^2.0.0
  checksum: 20849846ae414997d290b75e16868e5261e86ff5047f104027026fd61d8b5a9b0b3ade16239f35e1a067b3c7cc02f70183cb661010ed16f4b6c7c93dad1b19d8
  languageName: node
  linkType: hard

"isexe@npm:^2.0.0":
  version: 2.0.0
  resolution: "isexe@npm:2.0.0"
  checksum: 26bf6c5480dda5161c820c5b5c751ae1e766c587b1f951ea3fcfc973bafb7831ae5b54a31a69bd670220e42e99ec154475025a468eae58ea262f813fdc8d1c62
  languageName: node
  linkType: hard

"merge2@npm:^1.3.0, merge2@npm:^1.4.1":
  version: 1.4.1
  resolution: "merge2@npm:1.4.1"
  checksum: 7268db63ed5169466540b6fb947aec313200bcf6d40c5ab722c22e242f651994619bcd85601602972d3c85bd2cc45a358a4c61937e9f11a061919a1da569b0c2
  languageName: node
  linkType: hard

"micromatch@npm:^4.0.4":
  version: 4.0.5
  resolution: "micromatch@npm:4.0.5"
  dependencies:
    braces: ^3.0.2
    picomatch: ^2.3.1
  checksum: 02a17b671c06e8fefeeb6ef996119c1e597c942e632a21ef589154f23898c9c6a9858526246abb14f8bca6e77734aa9dcf65476fca47cedfb80d9577d52843fc
  languageName: node
  linkType: hard

"open@npm:^8.4.0":
  version: 8.4.0
  resolution: "open@npm:8.4.0"
  dependencies:
    define-lazy-prop: ^2.0.0
    is-docker: ^2.1.1
    is-wsl: ^2.2.0
  checksum: e9545bec64cdbf30a0c35c1bdc310344adf8428a117f7d8df3c0af0a0a24c513b304916a6d9b11db0190ff7225c2d578885080b761ed46a3d5f6f1eebb98b63c
  languageName: node
  linkType: hard

"path-key@npm:^3.1.0":
  version: 3.1.1
  resolution: "path-key@npm:3.1.1"
  checksum: 55cd7a9dd4b343412a8386a743f9c746ef196e57c823d90ca3ab917f90ab9f13dd0ded27252ba49dbdfcab2b091d998bc446f6220cd3cea65db407502a740020
  languageName: node
  linkType: hard

"path-type@npm:^4.0.0":
  version: 4.0.0
  resolution: "path-type@npm:4.0.0"
  checksum: 5b1e2daa247062061325b8fdbfd1fb56dde0a448fb1455453276ea18c60685bdad23a445dc148cf87bc216be1573357509b7d4060494a6fd768c7efad833ee45
  languageName: node
  linkType: hard

"picocolors@npm:^1.0.0":
  version: 1.0.0
  resolution: "picocolors@npm:1.0.0"
  checksum: a2e8092dd86c8396bdba9f2b5481032848525b3dc295ce9b57896f931e63fc16f79805144321f72976383fc249584672a75cc18d6777c6b757603f372f745981
  languageName: node
  linkType: hard

"picomatch@npm:^2.3.1":
  version: 2.3.1
  resolution: "picomatch@npm:2.3.1"
  checksum: 050c865ce81119c4822c45d3c84f1ced46f93a0126febae20737bd05ca20589c564d6e9226977df859ed5e03dc73f02584a2b0faad36e896936238238b0446cf
  languageName: node
  linkType: hard

"prettier-plugin-packagejson@npm:^2.4.3":
  version: 2.4.3
  resolution: "prettier-plugin-packagejson@npm:2.4.3"
  dependencies:
    sort-package-json: 2.4.1
    synckit: 0.8.5
  peerDependencies:
    prettier: ">= 1.16.0"
  peerDependenciesMeta:
    prettier:
      optional: true
  checksum: e9647d6b6979caa216c66174b135df8f8a83295f75ff0d8b92f472b621fd23fcb4658b46bcf6dc274b0d698bb41d4d84f0f926f4e711baf4b1431034a5602a93
  languageName: node
  linkType: hard

"prettier@npm:^2.8.4":
  version: 2.8.4
  resolution: "prettier@npm:2.8.4"
  bin:
    prettier: bin-prettier.js
  checksum: c173064bf3df57b6d93d19aa98753b9b9dd7657212e33b41ada8e2e9f9884066bb9ca0b4005b89b3ab137efffdf8fbe0b462785aba20364798ff4303aadda57e
  languageName: node
  linkType: hard

"reusify@npm:^1.0.4":
  version: 1.0.4
  resolution: "reusify@npm:1.0.4"
  checksum: c3076ebcc22a6bc252cb0b9c77561795256c22b757f40c0d8110b1300723f15ec0fc8685e8d4ea6d7666f36c79ccc793b1939c748bf36f18f542744a4e379fcc
  languageName: node
  linkType: hard

"run-parallel@npm:^1.1.9":
  version: 1.1.10
  resolution: "run-parallel@npm:1.1.10"
  checksum: 360996d8b7abe586320a01a42093df2edf41699bbb0d493a4191ec52dda4354d0b25954e0608162d3bb304faa5f73a194f85d6d0d4c016154b2a8132f757fa98
  languageName: node
  linkType: hard

"shebang-command@npm:^2.0.0":
  version: 2.0.0
  resolution: "shebang-command@npm:2.0.0"
  dependencies:
    shebang-regex: ^3.0.0
  checksum: 6b52fe87271c12968f6a054e60f6bde5f0f3d2db483a1e5c3e12d657c488a15474121a1d55cd958f6df026a54374ec38a4a963988c213b7570e1d51575cea7fa
  languageName: node
  linkType: hard

"shebang-regex@npm:^3.0.0":
  version: 3.0.0
  resolution: "shebang-regex@npm:3.0.0"
  checksum: 1a2bcae50de99034fcd92ad4212d8e01eedf52c7ec7830eedcf886622804fe36884278f2be8be0ea5fde3fd1c23911643a4e0f726c8685b61871c8908af01222
  languageName: node
  linkType: hard

"slash@npm:^4.0.0":
  version: 4.0.0
  resolution: "slash@npm:4.0.0"
  checksum: da8e4af73712253acd21b7853b7e0dbba776b786e82b010a5bfc8b5051a1db38ed8aba8e1e8f400dd2c9f373be91eb1c42b66e91abb407ff42b10feece5e1d2d
  languageName: node
  linkType: hard

"sort-object-keys@npm:^1.1.3":
  version: 1.1.3
  resolution: "sort-object-keys@npm:1.1.3"
  checksum: abea944d6722a1710a1aa6e4f9509da085d93d5fc0db23947cb411eedc7731f80022ce8fa68ed83a53dd2ac7441fcf72a3f38c09b3d9bbc4ff80546aa2e151ad
  languageName: node
  linkType: hard

"sort-package-json@npm:2.4.1":
  version: 2.4.1
  resolution: "sort-package-json@npm:2.4.1"
  dependencies:
    detect-indent: ^7.0.1
    detect-newline: ^4.0.0
    git-hooks-list: ^3.0.0
    globby: ^13.1.2
    is-plain-obj: ^4.1.0
    sort-object-keys: ^1.1.3
  bin:
    sort-package-json: cli.js
  checksum: b0059f3fb597513948ba532a194608877e2a44c8864ac3a7e285ea2f441e540596bf30c5de11a89ccd30159d5562d0f5803186b824dfa0fe69cb8d123589a6cb
  languageName: node
  linkType: hard

"synckit@npm:0.8.5":
  version: 0.8.5
  resolution: "synckit@npm:0.8.5"
  dependencies:
    "@pkgr/utils": ^2.3.1
    tslib: ^2.5.0
  checksum: 8a9560e5d8f3d94dc3cf5f7b9c83490ffa30d320093560a37b88f59483040771fd1750e76b9939abfbb1b5a23fd6dfbae77f6b338abffe7cae7329cd9b9bb86b
  languageName: node
  linkType: hard

"tiny-glob@npm:^0.2.9":
  version: 0.2.9
  resolution: "tiny-glob@npm:0.2.9"
  dependencies:
    globalyzer: 0.1.0
    globrex: ^0.1.2
  checksum: aea5801eb6663ddf77ebb74900b8f8bd9dfcfc9b6a1cc8018cb7421590c00bf446109ff45e4b64a98e6c95ddb1255a337a5d488fb6311930e2a95334151ec9c6
  languageName: node
  linkType: hard

"to-regex-range@npm:^5.0.1":
  version: 5.0.1
  resolution: "to-regex-range@npm:5.0.1"
  dependencies:
    is-number: ^7.0.0
  checksum: f76fa01b3d5be85db6a2a143e24df9f60dd047d151062d0ba3df62953f2f697b16fe5dad9b0ac6191c7efc7b1d9dcaa4b768174b7b29da89d4428e64bc0a20ed
  languageName: node
  linkType: hard

"tslib@npm:^2.4.0, tslib@npm:^2.5.0":
  version: 2.5.0
  resolution: "tslib@npm:2.5.0"
  checksum: ae3ed5f9ce29932d049908ebfdf21b3a003a85653a9a140d614da6b767a93ef94f460e52c3d787f0e4f383546981713f165037dc2274df212ea9f8a4541004e1
  languageName: node
  linkType: hard

"which@npm:^2.0.1":
  version: 2.0.2
  resolution: "which@npm:2.0.2"
  dependencies:
    isexe: ^2.0.0
  bin:
    node-which: ./bin/node-which
  checksum: 1a5c563d3c1b52d5f893c8b61afe11abc3bab4afac492e8da5bde69d550de701cf9806235f20a47b5c8fa8a1d6a9135841de2596535e998027a54589000e66d1
  languageName: node
  linkType: hard
