# This file is generated by running "yarn install" inside your project.
# Manual changes might be lost - proceed with caution!

__metadata:
  version: 6
  cacheKey: 8

"@pkgr/core@npm:^0.2.9":
  version: 0.2.9
  resolution: "@pkgr/core@npm:0.2.9"
  checksum: bb2fb86977d63f836f8f5b09015d74e6af6488f7a411dcd2bfdca79d76b5a681a9112f41c45bdf88a9069f049718efc6f3900d7f1de66a2ec966068308ae517f
  languageName: node
  linkType: hard

"@serlo/serlo.org-legal@workspace:.":
  version: 0.0.0-use.local
  resolution: "@serlo/serlo.org-legal@workspace:."
  dependencies:
    prettier: ^3.6.2
    prettier-plugin-packagejson: ^2.5.20
  languageName: unknown
  linkType: soft

"detect-indent@npm:^7.0.1":
  version: 7.0.1
  resolution: "detect-indent@npm:7.0.1"
  checksum: cbf3f0b1c3c881934ca94428e1179b26ab2a587e0d719031d37a67fb506d49d067de54ff057cb1e772e75975fed5155c01cd4518306fee60988b1486e3fc7768
  languageName: node
  linkType: hard

"detect-newline@npm:^4.0.1":
  version: 4.0.1
  resolution: "detect-newline@npm:4.0.1"
  checksum: 0409ecdfb93419591ccff24fccfe2ddddad29b66637d1ed898872125b25af05014fdeedc9306339577060f69f59fe6e9830cdd80948597f136dfbffefa60599c
  languageName: node
  linkType: hard

"fdir@npm:^6.4.4":
  version: 6.4.5
  resolution: "fdir@npm:6.4.5"
  peerDependencies:
    picomatch: ^3 || ^4
  peerDependenciesMeta:
    picomatch:
      optional: true
  checksum: 14efd2d6617a6f9fb314916ccff64e00bdb96216f26542ec9dfa532ed60a7ebb45463f7009aa215c14071566bf43caeb8ba268ccb52a11e6b51e4aaa8cb58d81
  languageName: node
  linkType: hard

"git-hooks-list@npm:^4.0.0":
  version: 4.1.1
  resolution: "git-hooks-list@npm:4.1.1"
  checksum: a56c8cc3dab505bde2c6de032164a9113968ab7f249dfe2c9f2f23be872165f88c91e097994e009d31e56dd1e81c1f714d0972133314d8d3c6bd92a847ba562f
  languageName: node
  linkType: hard

"is-plain-obj@npm:^4.1.0":
  version: 4.1.0
  resolution: "is-plain-obj@npm:4.1.0"
  checksum: 6dc45da70d04a81f35c9310971e78a6a3c7a63547ef782e3a07ee3674695081b6ca4e977fbb8efc48dae3375e0b34558d2bcd722aec9bddfa2d7db5b041be8ce
  languageName: node
  linkType: hard

"picomatch@npm:^4.0.2":
  version: 4.0.2
  resolution: "picomatch@npm:4.0.2"
  checksum: a7a5188c954f82c6585720e9143297ccd0e35ad8072231608086ca950bee672d51b0ef676254af0788205e59bd4e4deb4e7708769226bed725bf13370a7d1464
  languageName: node
  linkType: hard

"prettier-plugin-packagejson@npm:^2.5.20":
  version: 2.5.20
  resolution: "prettier-plugin-packagejson@npm:2.5.20"
  dependencies:
    sort-package-json: 3.5.0
    synckit: 0.11.11
  peerDependencies:
    prettier: ">= 1.16.0"
  peerDependenciesMeta:
    prettier:
      optional: true
  checksum: 2bdcdaa6c5fcf2fa58e6101aa0a3e4554ec469713da9874eed348cc013da87ee44e01bc63792c7d244ca95acc78c8810a3b703f14a129d63b3d044dbfb7856e7
  languageName: node
  linkType: hard

"prettier@npm:^3.6.2":
  version: 3.6.2
  resolution: "prettier@npm:3.6.2"
  bin:
    prettier: bin/prettier.cjs
  checksum: 0206f5f437892e8858f298af8850bf9d0ef1c22e21107a213ba56bfb9c2387a2020bfda244a20161d8e3dad40c6b04101609a55d370dece53d0a31893b64f861
  languageName: node
  linkType: hard

"semver@npm:^7.7.1":
  version: 7.7.2
  resolution: "semver@npm:7.7.2"
  bin:
    semver: bin/semver.js
  checksum: dd94ba8f1cbc903d8eeb4dd8bf19f46b3deb14262b6717d0de3c804b594058ae785ef2e4b46c5c3b58733c99c83339068203002f9e37cfe44f7e2cc5e3d2f621
  languageName: node
  linkType: hard

"sort-object-keys@npm:^2.0.0":
  version: 2.0.1
  resolution: "sort-object-keys@npm:2.0.1"
  checksum: 9ba59478af172f0081fd478057aa89e2eb5904f67b01f63002e0444d947f3a285d1a6c95c611097bfca625b675711842829f71b2101b2910db53e34bff7ce67a
  languageName: node
  linkType: hard

"sort-package-json@npm:3.5.0":
  version: 3.5.0
  resolution: "sort-package-json@npm:3.5.0"
  dependencies:
    detect-indent: ^7.0.1
    detect-newline: ^4.0.1
    git-hooks-list: ^4.0.0
    is-plain-obj: ^4.1.0
    semver: ^7.7.1
    sort-object-keys: ^2.0.0
    tinyglobby: ^0.2.12
  bin:
    sort-package-json: cli.js
  checksum: ec08324eb15e964bf06a9fc4b9a2a19c923d0c341be9470dade29320af9d4f2ae89eaa744dbef40e553aec9519a3447262960452e6874a3c300805596c3aa156
  languageName: node
  linkType: hard

"synckit@npm:0.11.11":
  version: 0.11.11
  resolution: "synckit@npm:0.11.11"
  dependencies:
    "@pkgr/core": ^0.2.9
  checksum: bc896d4320525501495654766e6b0aa394e522476ea0547af603bdd9fd7e9b65dcd6e3a237bc7eb3ab7e196376712f228bf1bf6ed1e1809f4b32dc9baf7ad413
  languageName: node
  linkType: hard

"tinyglobby@npm:^0.2.12":
  version: 0.2.14
  resolution: "tinyglobby@npm:0.2.14"
  dependencies:
    fdir: ^6.4.4
    picomatch: ^4.0.2
  checksum: 261e986e3f2062dec3a582303bad2ce31b4634b9348648b46828c000d464b012cf474e38f503312367d4117c3f2f18611992738fca684040758bba44c24de522
  languageName: node
  linkType: hard
